
Microsoft Visual Studio Solution File, Format Version 12.00
# Visual Studio 15
VisualStudioVersion = 15.0.28307.960
MinimumVisualStudioVersion = 10.0.40219.1
Project("{9A19103F-16F7-4668-BE54-9A1E7A4F7556}") = "BC01", "BC01\BC01.csproj", "{03ACBD66-929F-481E-92AF-B28B66DDDAF0}"
EndProject
Project("{9A19103F-16F7-4668-BE54-9A1E7A4F7556}") = "BC02", "BC02\BC02.csproj", "{6C8E186B-3770-4996-A931-78571FCB50AD}"
EndProject
Project("{9A19103F-16F7-4668-BE54-9A1E7A4F7556}") = "BC03", "BC03\BC03.csproj", "{A0129AE6-763F-4257-ADC3-C4355128EAF4}"
EndProject
Project("{9A19103F-16F7-4668-BE54-9A1E7A4F7556}") = "BC.Utilities", "BC.Utilities\BC.Utilities.csproj", "{2864A6B3-5743-4FB8-B49F-2063CFDF5543}"
EndProject
Project("{9A19103F-16F7-4668-BE54-9A1E7A4F7556}") = "BC04", "BC04\BC04.csproj", "{41E6FB6F-6CB4-4730-9FB1-A1C0A8DEF874}"
EndProject
Project("{9A19103F-16F7-4668-BE54-9A1E7A4F7556}") = "BC05", "BC05\BC05.csproj", "{EF89B1DA-ECAE-4927-9C06-BC9528D6CA69}"
EndProject
Project("{9A19103F-16F7-4668-BE54-9A1E7A4F7556}") = "BC11", "BC11\BC11.csproj", "{D914F56B-EC3D-4A2F-93DA-F5EF14C8E65C}"
EndProject
Project("{9A19103F-16F7-4668-BE54-9A1E7A4F7556}") = "BC.Test", "BC.Test\BC.Test.csproj", "{BEF76D04-C3C6-4317-80AC-ADD20125A058}"
EndProject
Project("{9A19103F-16F7-4668-BE54-9A1E7A4F7556}") = "BC12", "BC12\BC12.csproj", "{3E932B90-7D7A-4148-BC50-64544F877240}"
EndProject
Project("{9A19103F-16F7-4668-BE54-9A1E7A4F7556}") = "BC21", "BC21\BC21.csproj", "{BB9A3D8A-CBD8-4C03-8576-D4B7A4B4139D}"
EndProject
Global
	GlobalSection(SolutionConfigurationPlatforms) = preSolution
		Debug|Any CPU = Debug|Any CPU
		Release|Any CPU = Release|Any CPU
	EndGlobalSection
	GlobalSection(ProjectConfigurationPlatforms) = postSolution
		{03ACBD66-929F-481E-92AF-B28B66DDDAF0}.Debug|Any CPU.ActiveCfg = Debug|Any CPU
		{03ACBD66-929F-481E-92AF-B28B66DDDAF0}.Debug|Any CPU.Build.0 = Debug|Any CPU
		{03ACBD66-929F-481E-92AF-B28B66DDDAF0}.Release|Any CPU.ActiveCfg = Release|Any CPU
		{03ACBD66-929F-481E-92AF-B28B66DDDAF0}.Release|Any CPU.Build.0 = Release|Any CPU
		{6C8E186B-3770-4996-A931-78571FCB50AD}.Debug|Any CPU.ActiveCfg = Debug|Any CPU
		{6C8E186B-3770-4996-A931-78571FCB50AD}.Debug|Any CPU.Build.0 = Debug|Any CPU
		{6C8E186B-3770-4996-A931-78571FCB50AD}.Release|Any CPU.ActiveCfg = Release|Any CPU
		{6C8E186B-3770-4996-A931-78571FCB50AD}.Release|Any CPU.Build.0 = Release|Any CPU
		{A0129AE6-763F-4257-ADC3-C4355128EAF4}.Debug|Any CPU.ActiveCfg = Debug|Any CPU
		{A0129AE6-763F-4257-ADC3-C4355128EAF4}.Debug|Any CPU.Build.0 = Debug|Any CPU
		{A0129AE6-763F-4257-ADC3-C4355128EAF4}.Release|Any CPU.ActiveCfg = Release|Any CPU
		{A0129AE6-763F-4257-ADC3-C4355128EAF4}.Release|Any CPU.Build.0 = Release|Any CPU
		{2864A6B3-5743-4FB8-B49F-2063CFDF5543}.Debug|Any CPU.ActiveCfg = Debug|Any CPU
		{2864A6B3-5743-4FB8-B49F-2063CFDF5543}.Debug|Any CPU.Build.0 = Debug|Any CPU
		{2864A6B3-5743-4FB8-B49F-2063CFDF5543}.Release|Any CPU.ActiveCfg = Release|Any CPU
		{2864A6B3-5743-4FB8-B49F-2063CFDF5543}.Release|Any CPU.Build.0 = Release|Any CPU
		{41E6FB6F-6CB4-4730-9FB1-A1C0A8DEF874}.Debug|Any CPU.ActiveCfg = Debug|Any CPU
		{41E6FB6F-6CB4-4730-9FB1-A1C0A8DEF874}.Debug|Any CPU.Build.0 = Debug|Any CPU
		{41E6FB6F-6CB4-4730-9FB1-A1C0A8DEF874}.Release|Any CPU.ActiveCfg = Release|Any CPU
		{41E6FB6F-6CB4-4730-9FB1-A1C0A8DEF874}.Release|Any CPU.Build.0 = Release|Any CPU
		{EF89B1DA-ECAE-4927-9C06-BC9528D6CA69}.Debug|Any CPU.ActiveCfg = Debug|Any CPU
		{EF89B1DA-ECAE-4927-9C06-BC9528D6CA69}.Debug|Any CPU.Build.0 = Debug|Any CPU
		{EF89B1DA-ECAE-4927-9C06-BC9528D6CA69}.Release|Any CPU.ActiveCfg = Release|Any CPU
		{EF89B1DA-ECAE-4927-9C06-BC9528D6CA69}.Release|Any CPU.Build.0 = Release|Any CPU
		{D914F56B-EC3D-4A2F-93DA-F5EF14C8E65C}.Debug|Any CPU.ActiveCfg = Debug|Any CPU
		{D914F56B-EC3D-4A2F-93DA-F5EF14C8E65C}.Debug|Any CPU.Build.0 = Debug|Any CPU
		{D914F56B-EC3D-4A2F-93DA-F5EF14C8E65C}.Release|Any CPU.ActiveCfg = Release|Any CPU
		{D914F56B-EC3D-4A2F-93DA-F5EF14C8E65C}.Release|Any CPU.Build.0 = Release|Any CPU
		{BEF76D04-C3C6-4317-80AC-ADD20125A058}.Debug|Any CPU.ActiveCfg = Debug|Any CPU
		{BEF76D04-C3C6-4317-80AC-ADD20125A058}.Debug|Any CPU.Build.0 = Debug|Any CPU
		{BEF76D04-C3C6-4317-80AC-ADD20125A058}.Release|Any CPU.ActiveCfg = Release|Any CPU
		{BEF76D04-C3C6-4317-80AC-ADD20125A058}.Release|Any CPU.Build.0 = Release|Any CPU
		{3E932B90-7D7A-4148-BC50-64544F877240}.Debug|Any CPU.ActiveCfg = Debug|Any CPU
		{3E932B90-7D7A-4148-BC50-64544F877240}.Debug|Any CPU.Build.0 = Debug|Any CPU
		{3E932B90-7D7A-4148-BC50-64544F877240}.Release|Any CPU.ActiveCfg = Release|Any CPU
		{3E932B90-7D7A-4148-BC50-64544F877240}.Release|Any CPU.Build.0 = Release|Any CPU
		{BB9A3D8A-CBD8-4C03-8576-D4B7A4B4139D}.Debug|Any CPU.ActiveCfg = Debug|Any CPU
		{BB9A3D8A-CBD8-4C03-8576-D4B7A4B4139D}.Debug|Any CPU.Build.0 = Debug|Any CPU
		{BB9A3D8A-CBD8-4C03-8576-D4B7A4B4139D}.Release|Any CPU.ActiveCfg = Release|Any CPU
		{BB9A3D8A-CBD8-4C03-8576-D4B7A4B4139D}.Release|Any CPU.Build.0 = Release|Any CPU
	EndGlobalSection
	GlobalSection(SolutionProperties) = preSolution
		HideSolutionNode = FALSE
	EndGlobalSection
	GlobalSection(ExtensibilityGlobals) = postSolution
		SolutionGuid = {2F44A279-941D-45EB-971E-698236B9BBAC}
	EndGlobalSection
EndGlobal
